
Microsoft Visual Studio Solution File, Format Version 12.00
# Visual Studio Version 17
VisualStudioVersion = 17.6.33815.320
MinimumVisualStudioVersion = 10.0.40219.1
Project("{FAE04EC0-301F-11D3-BF4B-00C04F79EFBC}") = "EX Manager.Android", "EX Manager\EX Manager.Android\EX Manager.Android.csproj", "{A2EDAC99-22CB-42E2-9143-039CB2F0561A}"
EndProject
Project("{FAE04EC0-301F-11D3-BF4B-00C04F79EFBC}") = "EX Manager.iOS", "EX Manager\EX Manager.iOS\EX Manager.iOS.csproj", "{E64BF64C-7204-412F-B863-0E63FB08E263}"
EndProject
Project("{FAE04EC0-301F-11D3-BF4B-00C04F79EFBC}") = "EX Manager", "EX Manager\EX Manager\EX Manager.csproj", "{28DD0EF0-3B1E-41A9-A9E6-ABDBEED53361}"
EndProject
Global
	GlobalSection(SolutionConfigurationPlatforms) = preSolution
		Debug|Any CPU = Debug|Any CPU
		Debug|iPhone = Debug|iPhone
		Debug|iPhoneSimulator = Debug|iPhoneSimulator
		Release|Any CPU = Release|Any CPU
		Release|iPhone = Release|iPhone
		Release|iPhoneSimulator = Release|iPhoneSimulator
	EndGlobalSection
	GlobalSection(ProjectConfigurationPlatforms) = postSolution
		{A2EDAC99-22CB-42E2-9143-039CB2F0561A}.Debug|Any CPU.ActiveCfg = Debug|Any CPU
		{A2EDAC99-22CB-42E2-9143-039CB2F0561A}.Debug|Any CPU.Build.0 = Debug|Any CPU
		{A2EDAC99-22CB-42E2-9143-039CB2F0561A}.Debug|Any CPU.Deploy.0 = Debug|Any CPU
		{A2EDAC99-22CB-42E2-9143-039CB2F0561A}.Debug|iPhone.ActiveCfg = Debug|Any CPU
		{A2EDAC99-22CB-42E2-9143-039CB2F0561A}.Debug|iPhone.Build.0 = Debug|Any CPU
		{A2EDAC99-22CB-42E2-9143-039CB2F0561A}.Debug|iPhone.Deploy.0 = Debug|Any CPU
		{A2EDAC99-22CB-42E2-9143-039CB2F0561A}.Debug|iPhoneSimulator.ActiveCfg = Debug|Any CPU
		{A2EDAC99-22CB-42E2-9143-039CB2F0561A}.Debug|iPhoneSimulator.Build.0 = Debug|Any CPU
		{A2EDAC99-22CB-42E2-9143-039CB2F0561A}.Debug|iPhoneSimulator.Deploy.0 = Debug|Any CPU
		{A2EDAC99-22CB-42E2-9143-039CB2F0561A}.Release|Any CPU.ActiveCfg = Release|Any CPU
		{A2EDAC99-22CB-42E2-9143-039CB2F0561A}.Release|Any CPU.Build.0 = Release|Any CPU
		{A2EDAC99-22CB-42E2-9143-039CB2F0561A}.Release|Any CPU.Deploy.0 = Release|Any CPU
		{A2EDAC99-22CB-42E2-9143-039CB2F0561A}.Release|iPhone.ActiveCfg = Release|Any CPU
		{A2EDAC99-22CB-42E2-9143-039CB2F0561A}.Release|iPhone.Build.0 = Release|Any CPU
		{A2EDAC99-22CB-42E2-9143-039CB2F0561A}.Release|iPhone.Deploy.0 = Release|Any CPU
		{A2EDAC99-22CB-42E2-9143-039CB2F0561A}.Release|iPhoneSimulator.ActiveCfg = Release|Any CPU
		{A2EDAC99-22CB-42E2-9143-039CB2F0561A}.Release|iPhoneSimulator.Build.0 = Release|Any CPU
		{A2EDAC99-22CB-42E2-9143-039CB2F0561A}.Release|iPhoneSimulator.Deploy.0 = Release|Any CPU
		{E64BF64C-7204-412F-B863-0E63FB08E263}.Debug|Any CPU.ActiveCfg = Debug|iPhone
		{E64BF64C-7204-412F-B863-0E63FB08E263}.Debug|Any CPU.Build.0 = Debug|iPhone
		{E64BF64C-7204-412F-B863-0E63FB08E263}.Debug|Any CPU.Deploy.0 = Debug|iPhone
		{E64BF64C-7204-412F-B863-0E63FB08E263}.Debug|iPhone.ActiveCfg = Debug|iPhone
		{E64BF64C-7204-412F-B863-0E63FB08E263}.Debug|iPhone.Build.0 = Debug|iPhone
		{E64BF64C-7204-412F-B863-0E63FB08E263}.Debug|iPhone.Deploy.0 = Debug|iPhone
		{E64BF64C-7204-412F-B863-0E63FB08E263}.Debug|iPhoneSimulator.ActiveCfg = Debug|iPhoneSimulator
		{E64BF64C-7204-412F-B863-0E63FB08E263}.Debug|iPhoneSimulator.Build.0 = Debug|iPhoneSimulator
		{E64BF64C-7204-412F-B863-0E63FB08E263}.Debug|iPhoneSimulator.Deploy.0 = Debug|iPhoneSimulator
		{E64BF64C-7204-412F-B863-0E63FB08E263}.Release|Any CPU.ActiveCfg = Release|iPhoneSimulator
		{E64BF64C-7204-412F-B863-0E63FB08E263}.Release|Any CPU.Build.0 = Release|iPhoneSimulator
		{E64BF64C-7204-412F-B863-0E63FB08E263}.Release|Any CPU.Deploy.0 = Release|iPhoneSimulator
		{E64BF64C-7204-412F-B863-0E63FB08E263}.Release|iPhone.ActiveCfg = Release|iPhone
		{E64BF64C-7204-412F-B863-0E63FB08E263}.Release|iPhone.Build.0 = Release|iPhone
		{E64BF64C-7204-412F-B863-0E63FB08E263}.Release|iPhone.Deploy.0 = Release|iPhone
		{E64BF64C-7204-412F-B863-0E63FB08E263}.Release|iPhoneSimulator.ActiveCfg = Release|iPhoneSimulator
		{E64BF64C-7204-412F-B863-0E63FB08E263}.Release|iPhoneSimulator.Build.0 = Release|iPhoneSimulator
		{E64BF64C-7204-412F-B863-0E63FB08E263}.Release|iPhoneSimulator.Deploy.0 = Release|iPhoneSimulator
		{28DD0EF0-3B1E-41A9-A9E6-ABDBEED53361}.Debug|Any CPU.ActiveCfg = Debug|Any CPU
		{28DD0EF0-3B1E-41A9-A9E6-ABDBEED53361}.Debug|Any CPU.Build.0 = Debug|Any CPU
		{28DD0EF0-3B1E-41A9-A9E6-ABDBEED53361}.Debug|Any CPU.Deploy.0 = Debug|Any CPU
		{28DD0EF0-3B1E-41A9-A9E6-ABDBEED53361}.Debug|iPhone.ActiveCfg = Debug|Any CPU
		{28DD0EF0-3B1E-41A9-A9E6-ABDBEED53361}.Debug|iPhone.Build.0 = Debug|Any CPU
		{28DD0EF0-3B1E-41A9-A9E6-ABDBEED53361}.Debug|iPhone.Deploy.0 = Debug|Any CPU
		{28DD0EF0-3B1E-41A9-A9E6-ABDBEED53361}.Debug|iPhoneSimulator.ActiveCfg = Debug|Any CPU
		{28DD0EF0-3B1E-41A9-A9E6-ABDBEED53361}.Debug|iPhoneSimulator.Build.0 = Debug|Any CPU
		{28DD0EF0-3B1E-41A9-A9E6-ABDBEED53361}.Debug|iPhoneSimulator.Deploy.0 = Debug|Any CPU
		{28DD0EF0-3B1E-41A9-A9E6-ABDBEED53361}.Release|Any CPU.ActiveCfg = Release|Any CPU
		{28DD0EF0-3B1E-41A9-A9E6-ABDBEED53361}.Release|Any CPU.Build.0 = Release|Any CPU
		{28DD0EF0-3B1E-41A9-A9E6-ABDBEED53361}.Release|Any CPU.Deploy.0 = Release|Any CPU
		{28DD0EF0-3B1E-41A9-A9E6-ABDBEED53361}.Release|iPhone.ActiveCfg = Release|Any CPU
		{28DD0EF0-3B1E-41A9-A9E6-ABDBEED53361}.Release|iPhone.Build.0 = Release|Any CPU
		{28DD0EF0-3B1E-41A9-A9E6-ABDBEED53361}.Release|iPhone.Deploy.0 = Release|Any CPU
		{28DD0EF0-3B1E-41A9-A9E6-ABDBEED53361}.Release|iPhoneSimulator.ActiveCfg = Release|Any CPU
		{28DD0EF0-3B1E-41A9-A9E6-ABDBEED53361}.Release|iPhoneSimulator.Build.0 = Release|Any CPU
		{28DD0EF0-3B1E-41A9-A9E6-ABDBEED53361}.Release|iPhoneSimulator.Deploy.0 = Release|Any CPU
	EndGlobalSection
	GlobalSection(SolutionProperties) = preSolution
		HideSolutionNode = FALSE
	EndGlobalSection
	GlobalSection(ExtensibilityGlobals) = postSolution
		SolutionGuid = {D3907623-C9B8-43C5-9C88-0545871C778B}
	EndGlobalSection
EndGlobal
